
Microsoft Visual Studio Solution File, Format Version 12.00
# Visual Studio Version 17
VisualStudioVersion = 17.10.35122.118
MinimumVisualStudioVersion = 10.0.40219.1
Project("{FAE04EC0-301F-11D3-BF4B-00C04F79EFBC}") = "TaskManager.Server", "TaskManager.Server\TaskManager.Server.csproj", "{AAF5D1CD-D12C-4969-8E98-8028152C6AE0}"
EndProject
Project("{54A90642-561A-4BB1-A94E-469ADEE60C69}") = "taskmanager.client", "taskmanager.client\taskmanager.client.esproj", "{FA5479F1-1E5B-4798-8592-6BC8145A94B6}"
EndProject
Global
	GlobalSection(SolutionConfigurationPlatforms) = preSolution
		Debug|Any CPU = Debug|Any CPU
		Release|Any CPU = Release|Any CPU
	EndGlobalSection
	GlobalSection(ProjectConfigurationPlatforms) = postSolution
		{AAF5D1CD-D12C-4969-8E98-8028152C6AE0}.Debug|Any CPU.ActiveCfg = Debug|Any CPU
		{AAF5D1CD-D12C-4969-8E98-8028152C6AE0}.Debug|Any CPU.Build.0 = Debug|Any CPU
		{AAF5D1CD-D12C-4969-8E98-8028152C6AE0}.Release|Any CPU.ActiveCfg = Release|Any CPU
		{AAF5D1CD-D12C-4969-8E98-8028152C6AE0}.Release|Any CPU.Build.0 = Release|Any CPU
		{FA5479F1-1E5B-4798-8592-6BC8145A94B6}.Debug|Any CPU.ActiveCfg = Debug|Any CPU
		{FA5479F1-1E5B-4798-8592-6BC8145A94B6}.Debug|Any CPU.Build.0 = Debug|Any CPU
		{FA5479F1-1E5B-4798-8592-6BC8145A94B6}.Debug|Any CPU.Deploy.0 = Debug|Any CPU
		{FA5479F1-1E5B-4798-8592-6BC8145A94B6}.Release|Any CPU.ActiveCfg = Release|Any CPU
		{FA5479F1-1E5B-4798-8592-6BC8145A94B6}.Release|Any CPU.Build.0 = Release|Any CPU
		{FA5479F1-1E5B-4798-8592-6BC8145A94B6}.Release|Any CPU.Deploy.0 = Release|Any CPU
	EndGlobalSection
	GlobalSection(SolutionProperties) = preSolution
		HideSolutionNode = FALSE
	EndGlobalSection
	GlobalSection(ExtensibilityGlobals) = postSolution
		SolutionGuid = {9D86C544-62AD-4650-9CD6-10776B23D7D3}
	EndGlobalSection
EndGlobal
